
Microsoft Visual Studio Solution File, Format Version 12.00
# Visual Studio Version 16
VisualStudioVersion = 16.0.31424.327
MinimumVisualStudioVersion = 10.0.40219.1
Project("{FAE04EC0-301F-11D3-BF4B-00C04F79EFBC}") = "MyFirstAPI", "MyFirstAPI\MyFirstAPI.csproj", "{F30B2DD2-A7CC-46D9-9E92-1A801669D026}"
EndProject
Global
	GlobalSection(SolutionConfigurationPlatforms) = preSolution
		Debug|Any CPU = Debug|Any CPU
		Release|Any CPU = Release|Any CPU
	EndGlobalSection
	GlobalSection(ProjectConfigurationPlatforms) = postSolution
		{F30B2DD2-A7CC-46D9-9E92-1A801669D026}.Debug|Any CPU.ActiveCfg = Debug|Any CPU
		{F30B2DD2-A7CC-46D9-9E92-1A801669D026}.Debug|Any CPU.Build.0 = Debug|Any CPU
		{F30B2DD2-A7CC-46D9-9E92-1A801669D026}.Release|Any CPU.ActiveCfg = Release|Any CPU
		{F30B2DD2-A7CC-46D9-9E92-1A801669D026}.Release|Any CPU.Build.0 = Release|Any CPU
	EndGlobalSection
	GlobalSection(SolutionProperties) = preSolution
		HideSolutionNode = FALSE
	EndGlobalSection
	GlobalSection(ExtensibilityGlobals) = postSolution
		SolutionGuid = {C656B238-8743-4A44-8EA9-2337B27E1482}
	EndGlobalSection
EndGlobal
